
Microsoft Visual Studio Solution File, Format Version 12.00
# Visual Studio Version 17
VisualStudioVersion = 17.14.36511.14 d17.14
MinimumVisualStudioVersion = 10.0.40219.1
Project("{FAE04EC0-301F-11D3-BF4B-00C04F79EFBC}") = "Act_04", "Act_04.csproj", "{DE71B3CF-B5D7-43A9-8EC2-887CA7CBB540}"
EndProject
Global
	GlobalSection(SolutionConfigurationPlatforms) = preSolution
		Debug|Any CPU = Debug|Any CPU
		Release|Any CPU = Release|Any CPU
	EndGlobalSection
	GlobalSection(ProjectConfigurationPlatforms) = postSolution
		{DE71B3CF-B5D7-43A9-8EC2-887CA7CBB540}.Debug|Any CPU.ActiveCfg = Debug|Any CPU
		{DE71B3CF-B5D7-43A9-8EC2-887CA7CBB540}.Debug|Any CPU.Build.0 = Debug|Any CPU
		{DE71B3CF-B5D7-43A9-8EC2-887CA7CBB540}.Release|Any CPU.ActiveCfg = Release|Any CPU
		{DE71B3CF-B5D7-43A9-8EC2-887CA7CBB540}.Release|Any CPU.Build.0 = Release|Any CPU
	EndGlobalSection
	GlobalSection(SolutionProperties) = preSolution
		HideSolutionNode = FALSE
	EndGlobalSection
	GlobalSection(ExtensibilityGlobals) = postSolution
		SolutionGuid = {95B69AB6-C3AD-41E5-8FF6-3011157875CB}
	EndGlobalSection
EndGlobal
