
Microsoft Visual Studio Solution File, Format Version 12.00
# Visual Studio Version 17
VisualStudioVersion = 17.14.36429.23
MinimumVisualStudioVersion = 10.0.40219.1
Project("{FAE04EC0-301F-11D3-BF4B-00C04F79EFBC}") = "Act_01", "Act_01.csproj", "{32C74594-D164-4F2A-99ED-8FE647BC783A}"
EndProject
Project("{FAE04EC0-301F-11D3-BF4B-00C04F79EFBC}") = "Act_02", "..\Act_02\Act_02.csproj", "{E818C0F8-9594-4050-99C1-EF7C3775F598}"
EndProject
Project("{FAE04EC0-301F-11D3-BF4B-00C04F79EFBC}") = "Act_03", "..\Act_03\Act_03.csproj", "{444A17B7-00EA-41DF-888B-BAC40713A382}"
EndProject
Global
	GlobalSection(SolutionConfigurationPlatforms) = preSolution
		Debug|Any CPU = Debug|Any CPU
		Release|Any CPU = Release|Any CPU
	EndGlobalSection
	GlobalSection(ProjectConfigurationPlatforms) = postSolution
		{32C74594-D164-4F2A-99ED-8FE647BC783A}.Debug|Any CPU.ActiveCfg = Debug|Any CPU
		{32C74594-D164-4F2A-99ED-8FE647BC783A}.Debug|Any CPU.Build.0 = Debug|Any CPU
		{32C74594-D164-4F2A-99ED-8FE647BC783A}.Release|Any CPU.ActiveCfg = Release|Any CPU
		{32C74594-D164-4F2A-99ED-8FE647BC783A}.Release|Any CPU.Build.0 = Release|Any CPU
		{E818C0F8-9594-4050-99C1-EF7C3775F598}.Debug|Any CPU.ActiveCfg = Debug|Any CPU
		{E818C0F8-9594-4050-99C1-EF7C3775F598}.Debug|Any CPU.Build.0 = Debug|Any CPU
		{E818C0F8-9594-4050-99C1-EF7C3775F598}.Release|Any CPU.ActiveCfg = Release|Any CPU
		{E818C0F8-9594-4050-99C1-EF7C3775F598}.Release|Any CPU.Build.0 = Release|Any CPU
		{444A17B7-00EA-41DF-888B-BAC40713A382}.Debug|Any CPU.ActiveCfg = Debug|Any CPU
		{444A17B7-00EA-41DF-888B-BAC40713A382}.Debug|Any CPU.Build.0 = Debug|Any CPU
		{444A17B7-00EA-41DF-888B-BAC40713A382}.Release|Any CPU.ActiveCfg = Release|Any CPU
		{444A17B7-00EA-41DF-888B-BAC40713A382}.Release|Any CPU.Build.0 = Release|Any CPU
	EndGlobalSection
	GlobalSection(SolutionProperties) = preSolution
		HideSolutionNode = FALSE
	EndGlobalSection
	GlobalSection(ExtensibilityGlobals) = postSolution
		SolutionGuid = {186D8445-94F9-4DD8-878F-B8DAA86DAFC1}
	EndGlobalSection
EndGlobal
